Microsoft Visual Studio Solution File, Format Version 12.00
# Visual Studio 14
VisualStudioVersion = 14.0.25420.1
MinimumVisualStudioVersion = 10.0.40219.1
Project("{1B19158F-E398-40A6-8E3B-350508E125F1}") = "TestExpand", "TestExpand\TestExpand.dxjsproj", "{2C51E259-D05E-41C9-BCE8-0E6E37B43EB9}"
EndProject
Global
	GlobalSection(SolutionConfigurationPlatforms) = preSolution
		Debug|Any CPU = Debug|Any CPU
		Release|Any CPU = Release|Any CPU
	EndGlobalSection
	GlobalSection(ProjectConfigurationPlatforms) = postSolution
		{2C51E259-D05E-41C9-BCE8-0E6E37B43EB9}.Debug|Any CPU.ActiveCfg = Debug|Any CPU
		{2C51E259-D05E-41C9-BCE8-0E6E37B43EB9}.Debug|Any CPU.Build.0 = Debug|Any CPU
		{2C51E259-D05E-41C9-BCE8-0E6E37B43EB9}.Release|Any CPU.ActiveCfg = Release|Any CPU
		{2C51E259-D05E-41C9-BCE8-0E6E37B43EB9}.Release|Any CPU.Build.0 = Release|Any CPU
	EndGlobalSection
	GlobalSection(SolutionProperties) = preSolution
		HideSolutionNode = FALSE
	EndGlobalSection
EndGlobal
